
Microsoft Visual Studio Solution File, Format Version 12.00
# Visual Studio Version 17
VisualStudioVersion = 17.2.32422.2
MinimumVisualStudioVersion = 10.0.40219.1
Project("{9A19103F-16F7-4668-BE54-9A1E7A4F7556}") = "BleRecorder.Models", "BleRecorder.Models\BleRecorder.Models.csproj", "{4E0A6872-DF89-4F1E-910B-49A7AFC7B227}"
EndProject
Project("{9A19103F-16F7-4668-BE54-9A1E7A4F7556}") = "BleRecorder.DataAccess", "BleRecorder.DataAccess\BleRecorder.DataAccess.csproj", "{340BC42F-7F2D-4807-A516-D221C54F4B40}"
EndProject
Project("{9A19103F-16F7-4668-BE54-9A1E7A4F7556}") = "BleRecorder.UI.WPF", "BleRecorder.UI.WPF\BleRecorder.UI.WPF.csproj", "{9E99C4B6-9CD2-4E36-8340-785EB28B28EB}"
EndProject
Project("{FAE04EC0-301F-11D3-BF4B-00C04F79EFBC}") = "BleRecorder.Infrastructure", "BleRecorder.Infrastructure\BleRecorder.Infrastructure.csproj", "{7E5312D4-2C67-49B3-B007-6ED4838495D2}"
EndProject
Global
	GlobalSection(SolutionConfigurationPlatforms) = preSolution
		Debug|Any CPU = Debug|Any CPU
		Debug|ARM = Debug|ARM
		Debug|ARM64 = Debug|ARM64
		Debug|x64 = Debug|x64
		Debug|x86 = Debug|x86
		Release|Any CPU = Release|Any CPU
		Release|ARM = Release|ARM
		Release|ARM64 = Release|ARM64
		Release|x64 = Release|x64
		Release|x86 = Release|x86
	EndGlobalSection
	GlobalSection(ProjectConfigurationPlatforms) = postSolution
		{4E0A6872-DF89-4F1E-910B-49A7AFC7B227}.Debug|Any CPU.ActiveCfg = Debug|Any CPU
		{4E0A6872-DF89-4F1E-910B-49A7AFC7B227}.Debug|Any CPU.Build.0 = Debug|Any CPU
		{4E0A6872-DF89-4F1E-910B-49A7AFC7B227}.Debug|ARM.ActiveCfg = Debug|Any CPU
		{4E0A6872-DF89-4F1E-910B-49A7AFC7B227}.Debug|ARM.Build.0 = Debug|Any CPU
		{4E0A6872-DF89-4F1E-910B-49A7AFC7B227}.Debug|ARM64.ActiveCfg = Debug|Any CPU
		{4E0A6872-DF89-4F1E-910B-49A7AFC7B227}.Debug|ARM64.Build.0 = Debug|Any CPU
		{4E0A6872-DF89-4F1E-910B-49A7AFC7B227}.Debug|x64.ActiveCfg = Debug|Any CPU
		{4E0A6872-DF89-4F1E-910B-49A7AFC7B227}.Debug|x64.Build.0 = Debug|Any CPU
		{4E0A6872-DF89-4F1E-910B-49A7AFC7B227}.Debug|x86.ActiveCfg = Debug|Any CPU
		{4E0A6872-DF89-4F1E-910B-49A7AFC7B227}.Debug|x86.Build.0 = Debug|Any CPU
		{4E0A6872-DF89-4F1E-910B-49A7AFC7B227}.Release|Any CPU.ActiveCfg = Release|Any CPU
		{4E0A6872-DF89-4F1E-910B-49A7AFC7B227}.Release|Any CPU.Build.0 = Release|Any CPU
		{4E0A6872-DF89-4F1E-910B-49A7AFC7B227}.Release|ARM.ActiveCfg = Release|Any CPU
		{4E0A6872-DF89-4F1E-910B-49A7AFC7B227}.Release|ARM.Build.0 = Release|Any CPU
		{4E0A6872-DF89-4F1E-910B-49A7AFC7B227}.Release|ARM64.ActiveCfg = Release|Any CPU
		{4E0A6872-DF89-4F1E-910B-49A7AFC7B227}.Release|ARM64.Build.0 = Release|Any CPU
		{4E0A6872-DF89-4F1E-910B-49A7AFC7B227}.Release|x64.ActiveCfg = Release|Any CPU
		{4E0A6872-DF89-4F1E-910B-49A7AFC7B227}.Release|x64.Build.0 = Release|Any CPU
		{4E0A6872-DF89-4F1E-910B-49A7AFC7B227}.Release|x86.ActiveCfg = Release|Any CPU
		{4E0A6872-DF89-4F1E-910B-49A7AFC7B227}.Release|x86.Build.0 = Release|Any CPU
		{340BC42F-7F2D-4807-A516-D221C54F4B40}.Debug|Any CPU.ActiveCfg = Debug|Any CPU
		{340BC42F-7F2D-4807-A516-D221C54F4B40}.Debug|Any CPU.Build.0 = Debug|Any CPU
		{340BC42F-7F2D-4807-A516-D221C54F4B40}.Debug|ARM.ActiveCfg = Debug|Any CPU
		{340BC42F-7F2D-4807-A516-D221C54F4B40}.Debug|ARM.Build.0 = Debug|Any CPU
		{340BC42F-7F2D-4807-A516-D221C54F4B40}.Debug|ARM64.ActiveCfg = Debug|Any CPU
		{340BC42F-7F2D-4807-A516-D221C54F4B40}.Debug|ARM64.Build.0 = Debug|Any CPU
		{340BC42F-7F2D-4807-A516-D221C54F4B40}.Debug|x64.ActiveCfg = Debug|Any CPU
		{340BC42F-7F2D-4807-A516-D221C54F4B40}.Debug|x64.Build.0 = Debug|Any CPU
		{340BC42F-7F2D-4807-A516-D221C54F4B40}.Debug|x86.ActiveCfg = Debug|Any CPU
		{340BC42F-7F2D-4807-A516-D221C54F4B40}.Debug|x86.Build.0 = Debug|Any CPU
		{340BC42F-7F2D-4807-A516-D221C54F4B40}.Release|Any CPU.ActiveCfg = Release|Any CPU
		{340BC42F-7F2D-4807-A516-D221C54F4B40}.Release|Any CPU.Build.0 = Release|Any CPU
		{340BC42F-7F2D-4807-A516-D221C54F4B40}.Release|ARM.ActiveCfg = Release|Any CPU
		{340BC42F-7F2D-4807-A516-D221C54F4B40}.Release|ARM.Build.0 = Release|Any CPU
		{340BC42F-7F2D-4807-A516-D221C54F4B40}.Release|ARM64.ActiveCfg = Release|Any CPU
		{340BC42F-7F2D-4807-A516-D221C54F4B40}.Release|ARM64.Build.0 = Release|Any CPU
		{340BC42F-7F2D-4807-A516-D221C54F4B40}.Release|x64.ActiveCfg = Release|Any CPU
		{340BC42F-7F2D-4807-A516-D221C54F4B40}.Release|x64.Build.0 = Release|Any CPU
		{340BC42F-7F2D-4807-A516-D221C54F4B40}.Release|x86.ActiveCfg = Release|Any CPU
		{340BC42F-7F2D-4807-A516-D221C54F4B40}.Release|x86.Build.0 = Release|Any CPU
		{9E99C4B6-9CD2-4E36-8340-785EB28B28EB}.Debug|Any CPU.ActiveCfg = Debug|Any CPU
		{9E99C4B6-9CD2-4E36-8340-785EB28B28EB}.Debug|Any CPU.Build.0 = Debug|Any CPU
		{9E99C4B6-9CD2-4E36-8340-785EB28B28EB}.Debug|ARM.ActiveCfg = Debug|Any CPU
		{9E99C4B6-9CD2-4E36-8340-785EB28B28EB}.Debug|ARM.Build.0 = Debug|Any CPU
		{9E99C4B6-9CD2-4E36-8340-785EB28B28EB}.Debug|ARM64.ActiveCfg = Debug|Any CPU
		{9E99C4B6-9CD2-4E36-8340-785EB28B28EB}.Debug|ARM64.Build.0 = Debug|Any CPU
		{9E99C4B6-9CD2-4E36-8340-785EB28B28EB}.Debug|x64.ActiveCfg = Debug|Any CPU
		{9E99C4B6-9CD2-4E36-8340-785EB28B28EB}.Debug|x64.Build.0 = Debug|Any CPU
		{9E99C4B6-9CD2-4E36-8340-785EB28B28EB}.Debug|x86.ActiveCfg = Debug|Any CPU
		{9E99C4B6-9CD2-4E36-8340-785EB28B28EB}.Debug|x86.Build.0 = Debug|Any CPU
		{9E99C4B6-9CD2-4E36-8340-785EB28B28EB}.Release|Any CPU.ActiveCfg = Release|Any CPU
		{9E99C4B6-9CD2-4E36-8340-785EB28B28EB}.Release|Any CPU.Build.0 = Release|Any CPU
		{9E99C4B6-9CD2-4E36-8340-785EB28B28EB}.Release|ARM.ActiveCfg = Release|Any CPU
		{9E99C4B6-9CD2-4E36-8340-785EB28B28EB}.Release|ARM.Build.0 = Release|Any CPU
		{9E99C4B6-9CD2-4E36-8340-785EB28B28EB}.Release|ARM64.ActiveCfg = Release|Any CPU
		{9E99C4B6-9CD2-4E36-8340-785EB28B28EB}.Release|ARM64.Build.0 = Release|Any CPU
		{9E99C4B6-9CD2-4E36-8340-785EB28B28EB}.Release|x64.ActiveCfg = Release|Any CPU
		{9E99C4B6-9CD2-4E36-8340-785EB28B28EB}.Release|x64.Build.0 = Release|Any CPU
		{9E99C4B6-9CD2-4E36-8340-785EB28B28EB}.Release|x86.ActiveCfg = Release|Any CPU
		{9E99C4B6-9CD2-4E36-8340-785EB28B28EB}.Release|x86.Build.0 = Release|Any CPU
		{7E5312D4-2C67-49B3-B007-6ED4838495D2}.Debug|Any CPU.ActiveCfg = Debug|Any CPU
		{7E5312D4-2C67-49B3-B007-6ED4838495D2}.Debug|Any CPU.Build.0 = Debug|Any CPU
		{7E5312D4-2C67-49B3-B007-6ED4838495D2}.Debug|ARM.ActiveCfg = Debug|Any CPU
		{7E5312D4-2C67-49B3-B007-6ED4838495D2}.Debug|ARM.Build.0 = Debug|Any CPU
		{7E5312D4-2C67-49B3-B007-6ED4838495D2}.Debug|ARM64.ActiveCfg = Debug|Any CPU
		{7E5312D4-2C67-49B3-B007-6ED4838495D2}.Debug|ARM64.Build.0 = Debug|Any CPU
		{7E5312D4-2C67-49B3-B007-6ED4838495D2}.Debug|x64.ActiveCfg = Debug|Any CPU
		{7E5312D4-2C67-49B3-B007-6ED4838495D2}.Debug|x64.Build.0 = Debug|Any CPU
		{7E5312D4-2C67-49B3-B007-6ED4838495D2}.Debug|x86.ActiveCfg = Debug|Any CPU
		{7E5312D4-2C67-49B3-B007-6ED4838495D2}.Debug|x86.Build.0 = Debug|Any CPU
		{7E5312D4-2C67-49B3-B007-6ED4838495D2}.Release|Any CPU.ActiveCfg = Release|Any CPU
		{7E5312D4-2C67-49B3-B007-6ED4838495D2}.Release|Any CPU.Build.0 = Release|Any CPU
		{7E5312D4-2C67-49B3-B007-6ED4838495D2}.Release|ARM.ActiveCfg = Release|Any CPU
		{7E5312D4-2C67-49B3-B007-6ED4838495D2}.Release|ARM.Build.0 = Release|Any CPU
		{7E5312D4-2C67-49B3-B007-6ED4838495D2}.Release|ARM64.ActiveCfg = Release|Any CPU
		{7E5312D4-2C67-49B3-B007-6ED4838495D2}.Release|ARM64.Build.0 = Release|Any CPU
		{7E5312D4-2C67-49B3-B007-6ED4838495D2}.Release|x64.ActiveCfg = Release|Any CPU
		{7E5312D4-2C67-49B3-B007-6ED4838495D2}.Release|x64.Build.0 = Release|Any CPU
		{7E5312D4-2C67-49B3-B007-6ED4838495D2}.Release|x86.ActiveCfg = Release|Any CPU
		{7E5312D4-2C67-49B3-B007-6ED4838495D2}.Release|x86.Build.0 = Release|Any CPU
	EndGlobalSection
	GlobalSection(SolutionProperties) = preSolution
		HideSolutionNode = FALSE
	EndGlobalSection
	GlobalSection(ExtensibilityGlobals) = postSolution
		SolutionGuid = {9E87D08D-E234-4537-B399-0FAD42605E4F}
	EndGlobalSection
EndGlobal
